
Microsoft Visual Studio Solution File, Format Version 12.00
# Visual Studio 2013
VisualStudioVersion = 12.0.31101.0
MinimumVisualStudioVersion = 10.0.40219.1
Project("{FAE04EC0-301F-11D3-BF4B-00C04F79EFBC}") = "MadPoint.BlogViewer.App", "MadPoint.BlogViewer.App\MadPoint.BlogViewer.App.csproj", "{1B29702E-4638-426C-A399-AD90F93AF5C6}"
EndProject
Project("{FAE04EC0-301F-11D3-BF4B-00C04F79EFBC}") = "MadPoint.BlogViewer.AppWeb", "MadPoint.BlogViewer.AppWeb\MadPoint.BlogViewer.AppWeb.csproj", "{B2F85B04-F5A8-4212-BCD3-F0830B07701E}"
EndProject
Global
	GlobalSection(TeamFoundationVersionControl) = preSolution
		SccNumberOfProjects = 3
		SccEnterpriseProvider = {4CA58AB2-18FA-4F8D-95D4-32DDF27D184C}
		SccTeamFoundationServer = https://andreslorbada.visualstudio.com/defaultcollection
		SccLocalPath0 = .
		SccProjectUniqueName1 = MadPoint.BlogViewer.App\\MadPoint.BlogViewer.App.csproj
		SccProjectName1 = MadPoint.BlogViewer.App
		SccLocalPath1 = MadPoint.BlogViewer.App
		SccProjectUniqueName2 = MadPoint.BlogViewer.AppWeb\\MadPoint.BlogViewer.AppWeb.csproj
		SccProjectName2 = MadPoint.BlogViewer.AppWeb
		SccLocalPath2 = MadPoint.BlogViewer.AppWeb
	EndGlobalSection
	GlobalSection(SolutionConfigurationPlatforms) = preSolution
		Debug|Any CPU = Debug|Any CPU
		Release|Any CPU = Release|Any CPU
	EndGlobalSection
	GlobalSection(ProjectConfigurationPlatforms) = postSolution
		{1B29702E-4638-426C-A399-AD90F93AF5C6}.Debug|Any CPU.ActiveCfg = Debug|Any CPU
		{1B29702E-4638-426C-A399-AD90F93AF5C6}.Debug|Any CPU.Build.0 = Debug|Any CPU
		{1B29702E-4638-426C-A399-AD90F93AF5C6}.Debug|Any CPU.Deploy.0 = Debug|Any CPU
		{1B29702E-4638-426C-A399-AD90F93AF5C6}.Release|Any CPU.ActiveCfg = Release|Any CPU
		{1B29702E-4638-426C-A399-AD90F93AF5C6}.Release|Any CPU.Build.0 = Release|Any CPU
		{1B29702E-4638-426C-A399-AD90F93AF5C6}.Release|Any CPU.Deploy.0 = Release|Any CPU
		{B2F85B04-F5A8-4212-BCD3-F0830B07701E}.Debug|Any CPU.ActiveCfg = Debug|Any CPU
		{B2F85B04-F5A8-4212-BCD3-F0830B07701E}.Debug|Any CPU.Build.0 = Debug|Any CPU
		{B2F85B04-F5A8-4212-BCD3-F0830B07701E}.Release|Any CPU.ActiveCfg = Release|Any CPU
		{B2F85B04-F5A8-4212-BCD3-F0830B07701E}.Release|Any CPU.Build.0 = Release|Any CPU
	EndGlobalSection
	GlobalSection(SolutionProperties) = preSolution
		HideSolutionNode = FALSE
	EndGlobalSection
EndGlobal
